
Microsoft Visual Studio Solution File, Format Version 12.00
# Visual Studio Version 17
VisualStudioVersion = 17.14.36623.8
MinimumVisualStudioVersion = 10.0.40219.1
Project("{2150E333-8FDC-42A3-9474-1A3956D46DE8}") = "DataBase", "DataBase", "{02EA681E-C7D8-13C7-8484-4AC65E1B71E8}"
EndProject
Project("{2150E333-8FDC-42A3-9474-1A3956D46DE8}") = "OLTP", "OLTP", "{7033DBFB-6DFA-45DF-9B8D-90FFD42EA6F2}"
EndProject
Project("{2150E333-8FDC-42A3-9474-1A3956D46DE8}") = "DataWarehouse", "DataWarehouse", "{1406136F-4B6D-4A83-AC2D-1D2F6D6378F3}"
EndProject
Project("{00D1A9C2-B5F0-4AF3-8072-F6C62B433612}") = "BookstoreOLTP", "BookstoreOLTP\BookstoreOLTP.sqlproj", "{577B8482-8FC9-4190-97A1-4F5896AAF7E1}"
EndProject
Project("{00D1A9C2-B5F0-4AF3-8072-F6C62B433612}") = "BookstoreDW", "BookstoreDW\BookstoreDW.sqlproj", "{4F76F3A2-9F3A-48E8-8706-3C26B631A058}"
EndProject
Project("{2150E333-8FDC-42A3-9474-1A3956D46DE8}") = "ETL", "ETL", "{5E46A628-BE0B-4770-994D-00FF927B69E8}"
EndProject
Project("{C9674DCB-5085-4A16-B785-4C70DD1589BD}") = "BookstoreELT", "BookstoreELT\BookstoreELT.dtproj", "{658CE2B5-7852-A143-5615-7513035E1866}"
EndProject
Project("{2150E333-8FDC-42A3-9474-1A3956D46DE8}") = "OLAP", "OLAP", "{08CCFDE3-C8A5-4096-994E-988ABF33676D}"
EndProject
Project("{6870E480-7721-4708-BFB8-9AE898AA21B3}") = "BookstoreOLAP", "BookstoreOLAP\BookstoreOLAP.smproj", "{8CE414BB-95B2-4C99-9E03-51BA72086E22}"
EndProject
Global
	GlobalSection(SolutionConfigurationPlatforms) = preSolution
		Debug|Any CPU = Debug|Any CPU
		Debug|x86 = Debug|x86
		Development|Any CPU = Development|Any CPU
		Development|x86 = Development|x86
		Release|Any CPU = Release|Any CPU
		Release|x86 = Release|x86
	EndGlobalSection
	GlobalSection(ProjectConfigurationPlatforms) = postSolution
		{577B8482-8FC9-4190-97A1-4F5896AAF7E1}.Debug|Any CPU.ActiveCfg = Debug|Any CPU
		{577B8482-8FC9-4190-97A1-4F5896AAF7E1}.Debug|Any CPU.Build.0 = Debug|Any CPU
		{577B8482-8FC9-4190-97A1-4F5896AAF7E1}.Debug|Any CPU.Deploy.0 = Debug|Any CPU
		{577B8482-8FC9-4190-97A1-4F5896AAF7E1}.Debug|x86.ActiveCfg = Debug|Any CPU
		{577B8482-8FC9-4190-97A1-4F5896AAF7E1}.Debug|x86.Build.0 = Debug|Any CPU
		{577B8482-8FC9-4190-97A1-4F5896AAF7E1}.Debug|x86.Deploy.0 = Debug|Any CPU
		{577B8482-8FC9-4190-97A1-4F5896AAF7E1}.Development|Any CPU.ActiveCfg = Release|Any CPU
		{577B8482-8FC9-4190-97A1-4F5896AAF7E1}.Development|Any CPU.Build.0 = Release|Any CPU
		{577B8482-8FC9-4190-97A1-4F5896AAF7E1}.Development|Any CPU.Deploy.0 = Release|Any CPU
		{577B8482-8FC9-4190-97A1-4F5896AAF7E1}.Development|x86.ActiveCfg = Release|Any CPU
		{577B8482-8FC9-4190-97A1-4F5896AAF7E1}.Development|x86.Build.0 = Release|Any CPU
		{577B8482-8FC9-4190-97A1-4F5896AAF7E1}.Development|x86.Deploy.0 = Release|Any CPU
		{577B8482-8FC9-4190-97A1-4F5896AAF7E1}.Release|Any CPU.ActiveCfg = Release|Any CPU
		{577B8482-8FC9-4190-97A1-4F5896AAF7E1}.Release|Any CPU.Build.0 = Release|Any CPU
		{577B8482-8FC9-4190-97A1-4F5896AAF7E1}.Release|Any CPU.Deploy.0 = Release|Any CPU
		{577B8482-8FC9-4190-97A1-4F5896AAF7E1}.Release|x86.ActiveCfg = Release|Any CPU
		{577B8482-8FC9-4190-97A1-4F5896AAF7E1}.Release|x86.Build.0 = Release|Any CPU
		{577B8482-8FC9-4190-97A1-4F5896AAF7E1}.Release|x86.Deploy.0 = Release|Any CPU
		{4F76F3A2-9F3A-48E8-8706-3C26B631A058}.Debug|Any CPU.ActiveCfg = Debug|Any CPU
		{4F76F3A2-9F3A-48E8-8706-3C26B631A058}.Debug|Any CPU.Build.0 = Debug|Any CPU
		{4F76F3A2-9F3A-48E8-8706-3C26B631A058}.Debug|Any CPU.Deploy.0 = Debug|Any CPU
		{4F76F3A2-9F3A-48E8-8706-3C26B631A058}.Debug|x86.ActiveCfg = Debug|Any CPU
		{4F76F3A2-9F3A-48E8-8706-3C26B631A058}.Debug|x86.Build.0 = Debug|Any CPU
		{4F76F3A2-9F3A-48E8-8706-3C26B631A058}.Debug|x86.Deploy.0 = Debug|Any CPU
		{4F76F3A2-9F3A-48E8-8706-3C26B631A058}.Development|Any CPU.ActiveCfg = Release|Any CPU
		{4F76F3A2-9F3A-48E8-8706-3C26B631A058}.Development|Any CPU.Build.0 = Release|Any CPU
		{4F76F3A2-9F3A-48E8-8706-3C26B631A058}.Development|Any CPU.Deploy.0 = Release|Any CPU
		{4F76F3A2-9F3A-48E8-8706-3C26B631A058}.Development|x86.ActiveCfg = Release|Any CPU
		{4F76F3A2-9F3A-48E8-8706-3C26B631A058}.Development|x86.Build.0 = Release|Any CPU
		{4F76F3A2-9F3A-48E8-8706-3C26B631A058}.Development|x86.Deploy.0 = Release|Any CPU
		{4F76F3A2-9F3A-48E8-8706-3C26B631A058}.Release|Any CPU.ActiveCfg = Release|Any CPU
		{4F76F3A2-9F3A-48E8-8706-3C26B631A058}.Release|Any CPU.Build.0 = Release|Any CPU
		{4F76F3A2-9F3A-48E8-8706-3C26B631A058}.Release|Any CPU.Deploy.0 = Release|Any CPU
		{4F76F3A2-9F3A-48E8-8706-3C26B631A058}.Release|x86.ActiveCfg = Release|Any CPU
		{4F76F3A2-9F3A-48E8-8706-3C26B631A058}.Release|x86.Build.0 = Release|Any CPU
		{4F76F3A2-9F3A-48E8-8706-3C26B631A058}.Release|x86.Deploy.0 = Release|Any CPU
		{658CE2B5-7852-A143-5615-7513035E1866}.Debug|Any CPU.ActiveCfg = Development
		{658CE2B5-7852-A143-5615-7513035E1866}.Debug|Any CPU.Build.0 = Development
		{658CE2B5-7852-A143-5615-7513035E1866}.Debug|x86.ActiveCfg = Development
		{658CE2B5-7852-A143-5615-7513035E1866}.Debug|x86.Build.0 = Development
		{658CE2B5-7852-A143-5615-7513035E1866}.Development|Any CPU.ActiveCfg = Development
		{658CE2B5-7852-A143-5615-7513035E1866}.Development|Any CPU.Build.0 = Development
		{658CE2B5-7852-A143-5615-7513035E1866}.Development|x86.ActiveCfg = Development
		{658CE2B5-7852-A143-5615-7513035E1866}.Development|x86.Build.0 = Development
		{658CE2B5-7852-A143-5615-7513035E1866}.Release|Any CPU.ActiveCfg = Development
		{658CE2B5-7852-A143-5615-7513035E1866}.Release|Any CPU.Build.0 = Development
		{658CE2B5-7852-A143-5615-7513035E1866}.Release|x86.ActiveCfg = Development
		{658CE2B5-7852-A143-5615-7513035E1866}.Release|x86.Build.0 = Development
		{8CE414BB-95B2-4C99-9E03-51BA72086E22}.Debug|Any CPU.ActiveCfg = Development|x86
		{8CE414BB-95B2-4C99-9E03-51BA72086E22}.Debug|Any CPU.Build.0 = Development|x86
		{8CE414BB-95B2-4C99-9E03-51BA72086E22}.Debug|Any CPU.Deploy.0 = Development|x86
		{8CE414BB-95B2-4C99-9E03-51BA72086E22}.Debug|x86.ActiveCfg = Development|x86
		{8CE414BB-95B2-4C99-9E03-51BA72086E22}.Debug|x86.Build.0 = Development|x86
		{8CE414BB-95B2-4C99-9E03-51BA72086E22}.Debug|x86.Deploy.0 = Development|x86
		{8CE414BB-95B2-4C99-9E03-51BA72086E22}.Development|Any CPU.ActiveCfg = Development|x86
		{8CE414BB-95B2-4C99-9E03-51BA72086E22}.Development|Any CPU.Build.0 = Development|x86
		{8CE414BB-95B2-4C99-9E03-51BA72086E22}.Development|Any CPU.Deploy.0 = Development|x86
		{8CE414BB-95B2-4C99-9E03-51BA72086E22}.Development|x86.ActiveCfg = Development|x86
		{8CE414BB-95B2-4C99-9E03-51BA72086E22}.Development|x86.Build.0 = Development|x86
		{8CE414BB-95B2-4C99-9E03-51BA72086E22}.Development|x86.Deploy.0 = Development|x86
		{8CE414BB-95B2-4C99-9E03-51BA72086E22}.Release|Any CPU.ActiveCfg = Development|x86
		{8CE414BB-95B2-4C99-9E03-51BA72086E22}.Release|Any CPU.Build.0 = Development|x86
		{8CE414BB-95B2-4C99-9E03-51BA72086E22}.Release|Any CPU.Deploy.0 = Development|x86
		{8CE414BB-95B2-4C99-9E03-51BA72086E22}.Release|x86.ActiveCfg = Development|x86
		{8CE414BB-95B2-4C99-9E03-51BA72086E22}.Release|x86.Build.0 = Development|x86
		{8CE414BB-95B2-4C99-9E03-51BA72086E22}.Release|x86.Deploy.0 = Development|x86
	EndGlobalSection
	GlobalSection(SolutionProperties) = preSolution
		HideSolutionNode = FALSE
	EndGlobalSection
	GlobalSection(NestedProjects) = preSolution
		{7033DBFB-6DFA-45DF-9B8D-90FFD42EA6F2} = {02EA681E-C7D8-13C7-8484-4AC65E1B71E8}
		{1406136F-4B6D-4A83-AC2D-1D2F6D6378F3} = {02EA681E-C7D8-13C7-8484-4AC65E1B71E8}
		{577B8482-8FC9-4190-97A1-4F5896AAF7E1} = {7033DBFB-6DFA-45DF-9B8D-90FFD42EA6F2}
		{4F76F3A2-9F3A-48E8-8706-3C26B631A058} = {1406136F-4B6D-4A83-AC2D-1D2F6D6378F3}
		{658CE2B5-7852-A143-5615-7513035E1866} = {5E46A628-BE0B-4770-994D-00FF927B69E8}
		{8CE414BB-95B2-4C99-9E03-51BA72086E22} = {08CCFDE3-C8A5-4096-994E-988ABF33676D}
	EndGlobalSection
	GlobalSection(ExtensibilityGlobals) = postSolution
		SolutionGuid = {A9F4E727-5F8D-4032-80B1-43722CDA47FC}
	EndGlobalSection
EndGlobal
